dependencies:
  espressif/cmake_utilities:
    component_hash: 05165f30922b422b4b90c08845e6d449329b97370fbd06309803d8cb539d79e3
    dependencies:
    - name: idf
      require: private
      version: '>=4.1'
    source:
      registry_url: https://components.espressif.com
      type: service
    version: 1.1.1
  espressif/esp-dsp:
    component_hash: a9a1e516033ce2ea63e6286cc227d8ecb87769d628dcc6394b4e024311ac64b9
    dependencies:
    - name: idf
      require: private
      version: '>=4.2'
    source:
      registry_url: https://components.espressif.com/
      type: service
    version: 1.3.0
  espressif/led_strip:
    component_hash: 223998f10cae6d81f2ad2dd3c1103c2221be298c708e37917482b0153f3ec64e
    dependencies:
    - name: idf
      require: private
      version: '>=5.0'
    source:
      registry_url: https://components.espressif.com/
      type: service
    version: 3.0.1~1
  espressif/mdns:
    component_hash: 3ec0af5f6bce310512e90f482388d21cc7c0e99668172d2f895356165fc6f7c5
    dependencies:
    - name: idf
      require: private
      version: '>=5.0'
    source:
      registry_url: https://components.espressif.com/
      type: service
    version: 1.8.2
  espressif/usb_device_uac:
    component_hash: d84300e48d85793db0e300083cebab5084e69e4a63231857fb8b97517dbc3007
    dependencies:
    - name: idf
      require: private
      version: '>=4.4'
    - name: espressif/cmake_utilities
      registry_url: https://components.espressif.com
      require: private
      version: '*'
    - name: leeebo/tinyusb_src
      registry_url: https://components.espressif.com
      require: private
      version: '>=0.16.0~5'
    source:
      registry_url: https://components.espressif.com/
      type: service
    targets:
    - esp32s2
    - esp32s3
    - esp32p4
    version: 0.2.0
  espressif/usb_host_uac:
    dependencies: []
    source:
      path: C:\Users\Nathan\Documents\GitHub\esp32-rtp\components\espressif__usb_host_uac
      type: local
    version: 1.0.0
  idf:
    source:
      type: idf
    version: 5.5.1
  leeebo/tinyusb_src:
    component_hash: f8a386b696474c2b20482b662319200e4a2ce9cae8fa3ae7830d3929f03780c8
    dependencies:
    - name: idf
      require: private
      version: '>=4.4'
    source:
      registry_url: https://components.espressif.com
      type: service
    targets:
    - esp32s2
    - esp32s3
    - esp32p4
    version: 0.16.0~6
  netham45/bq25895:
    dependencies: []
    source:
      path: C:\Users\Nathan\Documents\GitHub\esp32-rtp\components\netham45__bq25895
      type: local
    version: 1.0.0
  netham45/spdif_in:
    dependencies: []
    source:
      path: C:\Users\Nathan\Documents\GitHub\esp32-rtp\components\netham45__spdif_in
      type: local
    version: 1.0.0
  netham45/spdif_out:
    dependencies: []
    source:
      path: C:\Users\Nathan\Documents\GitHub\esp32-rtp\components\netham45__spdif_out
      type: local
    version: 1.0.0
  netham45/usb_in:
    dependencies: []
    source:
      path: C:\Users\Nathan\Documents\GitHub\esp32-rtp\components\netham45__usb_in
      type: local
    version: 1.0.0
  netham45/usb_out:
    dependencies: []
    source:
      path: C:\Users\Nathan\Documents\GitHub\esp32-rtp\components\netham45__usb_out
      type: local
    version: 1.0.0
  netham45/visualizer:
    dependencies: []
    source:
      path: C:\Users\Nathan\Documents\GitHub\esp32-rtp\components\netham45__visualizer
      type: local
    version: 1.0.0
direct_dependencies:
- espressif/esp-dsp
- espressif/led_strip
- espressif/mdns
- espressif/usb_device_uac
- espressif/usb_host_uac
- idf
- netham45/bq25895
- netham45/spdif_in
- netham45/spdif_out
- netham45/usb_in
- netham45/usb_out
- netham45/visualizer
manifest_hash: 3ba36d8f4b2ff5742daf41215454ba0288e03036c69de7dc9d28955152d3125d
target: esp32s3
version: 2.0.0
